
Microsoft Visual Studio Solution File, Format Version 12.00
# Visual Studio Version 17
VisualStudioVersion = 17.11.35312.102
MinimumVisualStudioVersion = 10.0.40219.1
Project("{FAE04EC0-301F-11D3-BF4B-00C04F79EFBC}") = "compGraphLab1", "compGraphLab1.csproj", "{AD239D83-3CA3-42D1-894A-65FD7C9D36CB}"
EndProject
Global
	GlobalSection(SolutionConfigurationPlatforms) = preSolution
		Debug|Any CPU = Debug|Any CPU
		Release|Any CPU = Release|Any CPU
	EndGlobalSection
	GlobalSection(ProjectConfigurationPlatforms) = postSolution
		{AD239D83-3CA3-42D1-894A-65FD7C9D36CB}.Debug|Any CPU.ActiveCfg = Debug|Any CPU
		{AD239D83-3CA3-42D1-894A-65FD7C9D36CB}.Debug|Any CPU.Build.0 = Debug|Any CPU
		{AD239D83-3CA3-42D1-894A-65FD7C9D36CB}.Release|Any CPU.ActiveCfg = Release|Any CPU
		{AD239D83-3CA3-42D1-894A-65FD7C9D36CB}.Release|Any CPU.Build.0 = Release|Any CPU
	EndGlobalSection
	GlobalSection(SolutionProperties) = preSolution
		HideSolutionNode = FALSE
	EndGlobalSection
	GlobalSection(ExtensibilityGlobals) = postSolution
		SolutionGuid = {639F3843-D8EB-4810-AA22-75DA30074B74}
	EndGlobalSection
EndGlobal
